// !$*UTF8*$!
{
	archiveVersion = 1;
	classes = {
	};
	objectVersion = 56;
	objects = {

/* Begin PBXBuildFile section */
		F199B48E2B34A5B00035FDCF /* mouse.cpp in Sources */ = {isa = PBXBuildFile; fileRef = F199B48C2B34A5B00035FDCF /* mouse.cpp */; };
		F1C6A2312AEBBC0A006CED3A /* add_sound.cpp in Sources */ = {isa = PBXBuildFile; fileRef = F1C6A22F2AEBBC0A006CED3A /* add_sound.cpp */; };
		F1C6A2342AEC3AA2006CED3A /* Sound.cpp in Sources */ = {isa = PBXBuildFile; fileRef = F1C6A2322AEC3AA2006CED3A /* Sound.cpp */; };
		F1C6A2622AFDD3A9006CED3A /* game.cpp in Sources */ = {isa = PBXBuildFile; fileRef = F1C6A2602AFDD3A9006CED3A /* game.cpp */; };
		F1C7A3FF2AFDD7AF00B58DFA /* Window_Create.cpp in Sources */ = {isa = PBXBuildFile; fileRef = F1C7A3FB2AFDD7AF00B58DFA /* Window_Create.cpp */; };
		F1C7A4002AFDD7AF00B58DFA /* Renderer_Create.cpp in Sources */ = {isa = PBXBuildFile; fileRef = F1C7A3FD2AFDD7AF00B58DFA /* Renderer_Create.cpp */; };
		F1C7A4032AFDD93F00B58DFA /* Play_Music.cpp in Sources */ = {isa = PBXBuildFile; fileRef = F1C7A4012AFDD93F00B58DFA /* Play_Music.cpp */; };
		F1C7A4062AFDF46400B58DFA /* Texture_Create.cpp in Sources */ = {isa = PBXBuildFile; fileRef = F1C7A4042AFDF46400B58DFA /* Texture_Create.cpp */; };
		F1C7A4092B02623100B58DFA /* FrontPage.cpp in Sources */ = {isa = PBXBuildFile; fileRef = F1C7A4072B02623100B58DFA /* FrontPage.cpp */; };
		F1C7CF592B34B4F600A9F29B /* menu.cpp in Sources */ = {isa = PBXBuildFile; fileRef = F1C7CF572B34B4F600A9F29B /* menu.cpp */; };
		F1C7CF632B3558DC00A9F29B /* Settings.cpp in Sources */ = {isa = PBXBuildFile; fileRef = F1C7CF612B3558DC00A9F29B /* Settings.cpp */; };
		F1C7CF662B355C7100A9F29B /* variables.cpp in Sources */ = {isa = PBXBuildFile; fileRef = F1C7CF642B355C7100A9F29B /* variables.cpp */; };
		F1C7CF692B35815200A9F29B /* Credits.cpp in Sources */ = {isa = PBXBuildFile; fileRef = F1C7CF672B35815200A9F29B /* Credits.cpp */; };
		F1C7CF6C2B359F4E00A9F29B /* Tutorial.cpp in Sources */ = {isa = PBXBuildFile; fileRef = F1C7CF6A2B359F4E00A9F29B /* Tutorial.cpp */; };
		F1C7CF6F2B35A57E00A9F29B /* High_scores.cpp in Sources */ = {isa = PBXBuildFile; fileRef = F1C7CF6D2B35A57E00A9F29B /* High_scores.cpp */; };
		F1F799A42AE736BB0015DA81 /* main.cpp in Sources */ = {isa = PBXBuildFile; fileRef = F1F799A32AE736BB0015DA81 /* main.cpp */; };
		F1F799AF2AE736D80015DA81 /* SDL2_ttf.framework in Frameworks */ = {isa = PBXBuildFile; fileRef = F1F799AB2AE736D80015DA81 /* SDL2_ttf.framework */; };
		F1F799B02AE736D80015DA81 /* SDL2_image.framework in Frameworks */ = {isa = PBXBuildFile; fileRef = F1F799AC2AE736D80015DA81 /* SDL2_image.framework */; };
		F1F799B12AE736D80015DA81 /* SDL2_mixer.framework in Frameworks */ = {isa = PBXBuildFile; fileRef = F1F799AD2AE736D80015DA81 /* SDL2_mixer.framework */; };
		F1F799B22AE736D80015DA81 /* SDL2.framework in Frameworks */ = {isa = PBXBuildFile; fileRef = F1F799AE2AE736D80015DA81 /* SDL2.framework */; };
		F1F799BE2AE91AE90015DA81 /* death.cpp in Sources */ = {isa = PBXBuildFile; fileRef = F1F799BC2AE91AE90015DA81 /* death.cpp */; };
/* End PBXBuildFile section */

/* Begin PBXCopyFilesBuildPhase section */
		F1F7999E2AE736BB0015DA81 /* CopyFiles */ = {
			isa = PBXCopyFilesBuildPhase;
			buildActionMask = 2147483647;
			dstPath = /usr/share/man/man1/;
			dstSubfolderSpec = 0;
			files = (
			);
			runOnlyForDeploymentPostprocessing = 1;
		};
/* End PBXCopyFilesBuildPhase section */

/* Begin PBXFileReference section */
		F199B48C2B34A5B00035FDCF /* mouse.cpp */ = {isa = PBXFileReference; lastKnownFileType = sourcecode.cpp.cpp; path = mouse.cpp; sourceTree = "<group>"; };
		F199B48D2B34A5B00035FDCF /* mouse.hpp */ = {isa = PBXFileReference; lastKnownFileType = sourcecode.cpp.h; path = mouse.hpp; sourceTree = "<group>"; };
		F1C6A22F2AEBBC0A006CED3A /* add_sound.cpp */ = {isa = PBXFileReference; lastKnownFileType = sourcecode.cpp.cpp; path = add_sound.cpp; sourceTree = "<group>"; };
		F1C6A2302AEBBC0A006CED3A /* add_sound.hpp */ = {isa = PBXFileReference; lastKnownFileType = sourcecode.cpp.h; path = add_sound.hpp; sourceTree = "<group>"; };
		F1C6A2322AEC3AA2006CED3A /* Sound.cpp */ = {isa = PBXFileReference; lastKnownFileType = sourcecode.cpp.cpp; path = Sound.cpp; sourceTree = "<group>"; };
		F1C6A2332AEC3AA2006CED3A /* Sound.hpp */ = {isa = PBXFileReference; lastKnownFileType = sourcecode.cpp.h; path = Sound.hpp; sourceTree = "<group>"; };
		F1C6A2602AFDD3A9006CED3A /* game.cpp */ = {isa = PBXFileReference; lastKnownFileType = sourcecode.cpp.cpp; path = game.cpp; sourceTree = "<group>"; };
		F1C6A2612AFDD3A9006CED3A /* game.hpp */ = {isa = PBXFileReference; lastKnownFileType = sourcecode.cpp.h; path = game.hpp; sourceTree = "<group>"; };
		F1C7A3FB2AFDD7AF00B58DFA /* Window_Create.cpp */ = {isa = PBXFileReference; fileEncoding = 4; lastKnownFileType = sourcecode.cpp.cpp; name = Window_Create.cpp; path = ../../Window_Create.cpp; sourceTree = "<group>"; };
		F1C7A3FC2AFDD7AF00B58DFA /* Window_Create.hpp */ = {isa = PBXFileReference; fileEncoding = 4; lastKnownFileType = sourcecode.cpp.h; name = Window_Create.hpp; path = ../../Window_Create.hpp; sourceTree = "<group>"; };
		F1C7A3FD2AFDD7AF00B58DFA /* Renderer_Create.cpp */ = {isa = PBXFileReference; fileEncoding = 4; lastKnownFileType = sourcecode.cpp.cpp; name = Renderer_Create.cpp; path = ../../Renderer_Create.cpp; sourceTree = "<group>"; };
		F1C7A3FE2AFDD7AF00B58DFA /* Renderer_Create.hpp */ = {isa = PBXFileReference; fileEncoding = 4; lastKnownFileType = sourcecode.cpp.h; name = Renderer_Create.hpp; path = ../../Renderer_Create.hpp; sourceTree = "<group>"; };
		F1C7A4012AFDD93F00B58DFA /* Play_Music.cpp */ = {isa = PBXFileReference; lastKnownFileType = sourcecode.cpp.cpp; path = Play_Music.cpp; sourceTree = "<group>"; };
		F1C7A4022AFDD93F00B58DFA /* Play_Music.hpp */ = {isa = PBXFileReference; lastKnownFileType = sourcecode.cpp.h; path = Play_Music.hpp; sourceTree = "<group>"; };
		F1C7A4042AFDF46400B58DFA /* Texture_Create.cpp */ = {isa = PBXFileReference; lastKnownFileType = sourcecode.cpp.cpp; path = Texture_Create.cpp; sourceTree = "<group>"; };
		F1C7A4052AFDF46400B58DFA /* Texture_Create.hpp */ = {isa = PBXFileReference; lastKnownFileType = sourcecode.cpp.h; path = Texture_Create.hpp; sourceTree = "<group>"; };
		F1C7A4072B02623100B58DFA /* FrontPage.cpp */ = {isa = PBXFileReference; lastKnownFileType = sourcecode.cpp.cpp; path = FrontPage.cpp; sourceTree = "<group>"; };
		F1C7A4082B02623100B58DFA /* FrontPage.hpp */ = {isa = PBXFileReference; lastKnownFileType = sourcecode.cpp.h; path = FrontPage.hpp; sourceTree = "<group>"; };
		F1C7CF572B34B4F600A9F29B /* menu.cpp */ = {isa = PBXFileReference; lastKnownFileType = sourcecode.cpp.cpp; path = menu.cpp; sourceTree = "<group>"; };
		F1C7CF582B34B4F600A9F29B /* menu.hpp */ = {isa = PBXFileReference; lastKnownFileType = sourcecode.cpp.h; path = menu.hpp; sourceTree = "<group>"; };
		F1C7CF5D2B354D3A00A9F29B /* global.h */ = {isa = PBXFileReference; lastKnownFileType = sourcecode.c.h; path = global.h; sourceTree = "<group>"; };
		F1C7CF612B3558DC00A9F29B /* Settings.cpp */ = {isa = PBXFileReference; lastKnownFileType = sourcecode.cpp.cpp; path = Settings.cpp; sourceTree = "<group>"; };
		F1C7CF622B3558DC00A9F29B /* Settings.hpp */ = {isa = PBXFileReference; lastKnownFileType = sourcecode.cpp.h; path = Settings.hpp; sourceTree = "<group>"; };
		F1C7CF642B355C7100A9F29B /* variables.cpp */ = {isa = PBXFileReference; lastKnownFileType = sourcecode.cpp.cpp; path = variables.cpp; sourceTree = "<group>"; };
		F1C7CF652B355C7100A9F29B /* variables.hpp */ = {isa = PBXFileReference; lastKnownFileType = sourcecode.cpp.h; path = variables.hpp; sourceTree = "<group>"; };
		F1C7CF672B35815200A9F29B /* Credits.cpp */ = {isa = PBXFileReference; lastKnownFileType = sourcecode.cpp.cpp; path = Credits.cpp; sourceTree = "<group>"; };
		F1C7CF682B35815200A9F29B /* Credits.hpp */ = {isa = PBXFileReference; lastKnownFileType = sourcecode.cpp.h; path = Credits.hpp; sourceTree = "<group>"; };
		F1C7CF6A2B359F4E00A9F29B /* Tutorial.cpp */ = {isa = PBXFileReference; lastKnownFileType = sourcecode.cpp.cpp; path = Tutorial.cpp; sourceTree = "<group>"; };
		F1C7CF6B2B359F4E00A9F29B /* Tutorial.hpp */ = {isa = PBXFileReference; lastKnownFileType = sourcecode.cpp.h; path = Tutorial.hpp; sourceTree = "<group>"; };
		F1C7CF6D2B35A57E00A9F29B /* High_scores.cpp */ = {isa = PBXFileReference; lastKnownFileType = sourcecode.cpp.cpp; path = High_scores.cpp; sourceTree = "<group>"; };
		F1C7CF6E2B35A57E00A9F29B /* High_scores.hpp */ = {isa = PBXFileReference; lastKnownFileType = sourcecode.cpp.h; path = High_scores.hpp; sourceTree = "<group>"; };
		F1C7CF722B35B49700A9F29B /* best_scores */ = {isa = PBXFileReference; lastKnownFileType = text; path = best_scores; sourceTree = "<group>"; };
		F1F799A02AE736BB0015DA81 /* Game */ = {isa = PBXFileReference; explicitFileType = "compiled.mach-o.executable"; includeInIndex = 0; path = Game; sourceTree = BUILT_PRODUCTS_DIR; };
		F1F799A32AE736BB0015DA81 /* main.cpp */ = {isa = PBXFileReference; lastKnownFileType = sourcecode.cpp.cpp; path = main.cpp; sourceTree = "<group>"; };
		F1F799AB2AE736D80015DA81 /* SDL2_ttf.framework */ = {isa = PBXFileReference; lastKnownFileType = wrapper.framework; name = SDL2_ttf.framework; path = ../../../../Library/Frameworks/SDL2_ttf.framework; sourceTree = "<group>"; };
		F1F799AC2AE736D80015DA81 /* SDL2_image.framework */ = {isa = PBXFileReference; lastKnownFileType = wrapper.framework; name = SDL2_image.framework; path = ../../../../Library/Frameworks/SDL2_image.framework; sourceTree = "<group>"; };
		F1F799AD2AE736D80015DA81 /* SDL2_mixer.framework */ = {isa = PBXFileReference; lastKnownFileType = wrapper.framework; name = SDL2_mixer.framework; path = ../../../../Library/Frameworks/SDL2_mixer.framework; sourceTree = "<group>"; };
		F1F799AE2AE736D80015DA81 /* SDL2.framework */ = {isa = PBXFileReference; lastKnownFileType = wrapper.framework; name = SDL2.framework; path = ../../../../Library/Frameworks/SDL2.framework; sourceTree = "<group>"; };
		F1F799BC2AE91AE90015DA81 /* death.cpp */ = {isa = PBXFileReference; lastKnownFileType = sourcecode.cpp.cpp; path = death.cpp; sourceTree = "<group>"; };
		F1F799BD2AE91AE90015DA81 /* death.hpp */ = {isa = PBXFileReference; lastKnownFileType = sourcecode.cpp.h; path = death.hpp; sourceTree = "<group>"; };
/* End PBXFileReference section */

/* Begin PBXFrameworksBuildPhase section */
		F1F7999D2AE736BB0015DA81 /* Frameworks */ = {
			isa = PBXFrameworksBuildPhase;
			buildActionMask = 2147483647;
			files = (
				F1F799AF2AE736D80015DA81 /* SDL2_ttf.framework in Frameworks */,
				F1F799B02AE736D80015DA81 /* SDL2_image.framework in Frameworks */,
				F1F799B12AE736D80015DA81 /* SDL2_mixer.framework in Frameworks */,
				F1F799B22AE736D80015DA81 /* SDL2.framework in Frameworks */,
			);
			runOnlyForDeploymentPostprocessing = 0;
		};
/* End PBXFrameworksBuildPhase section */

/* Begin PBXGroup section */
		F1F799972AE736BB0015DA81 = {
			isa = PBXGroup;
			children = (
				F1F799A22AE736BB0015DA81 /* Game */,
				F1F799A12AE736BB0015DA81 /* Products */,
				F1F799AA2AE736D80015DA81 /* Frameworks */,
			);
			sourceTree = "<group>";
		};
		F1F799A12AE736BB0015DA81 /* Products */ = {
			isa = PBXGroup;
			children = (
				F1F799A02AE736BB0015DA81 /* Game */,
			);
			name = Products;
			sourceTree = "<group>";
		};
		F1F799A22AE736BB0015DA81 /* Game */ = {
			isa = PBXGroup;
			children = (
				F1F799A32AE736BB0015DA81 /* main.cpp */,
				F1C7A4082B02623100B58DFA /* FrontPage.hpp */,
				F1C7A4072B02623100B58DFA /* FrontPage.cpp */,
				F1C6A2612AFDD3A9006CED3A /* game.hpp */,
				F1C6A2602AFDD3A9006CED3A /* game.cpp */,
				F1F799BD2AE91AE90015DA81 /* death.hpp */,
				F1F799BC2AE91AE90015DA81 /* death.cpp */,
				F1C6A2332AEC3AA2006CED3A /* Sound.hpp */,
				F1C6A2322AEC3AA2006CED3A /* Sound.cpp */,
				F1C7A3FD2AFDD7AF00B58DFA /* Renderer_Create.cpp */,
				F1C7A3FE2AFDD7AF00B58DFA /* Renderer_Create.hpp */,
				F1C7A3FB2AFDD7AF00B58DFA /* Window_Create.cpp */,
				F1C7A3FC2AFDD7AF00B58DFA /* Window_Create.hpp */,
				F1C6A2302AEBBC0A006CED3A /* add_sound.hpp */,
				F1C6A22F2AEBBC0A006CED3A /* add_sound.cpp */,
				F1C7A4022AFDD93F00B58DFA /* Play_Music.hpp */,
				F1C7A4012AFDD93F00B58DFA /* Play_Music.cpp */,
				F1C7A4052AFDF46400B58DFA /* Texture_Create.hpp */,
				F1C7A4042AFDF46400B58DFA /* Texture_Create.cpp */,
				F199B48C2B34A5B00035FDCF /* mouse.cpp */,
				F199B48D2B34A5B00035FDCF /* mouse.hpp */,
				F1C7CF572B34B4F600A9F29B /* menu.cpp */,
				F1C7CF582B34B4F600A9F29B /* menu.hpp */,
				F1C7CF5D2B354D3A00A9F29B /* global.h */,
				F1C7CF612B3558DC00A9F29B /* Settings.cpp */,
				F1C7CF622B3558DC00A9F29B /* Settings.hpp */,
				F1C7CF642B355C7100A9F29B /* variables.cpp */,
				F1C7CF652B355C7100A9F29B /* variables.hpp */,
				F1C7CF672B35815200A9F29B /* Credits.cpp */,
				F1C7CF682B35815200A9F29B /* Credits.hpp */,
				F1C7CF6A2B359F4E00A9F29B /* Tutorial.cpp */,
				F1C7CF6B2B359F4E00A9F29B /* Tutorial.hpp */,
				F1C7CF6D2B35A57E00A9F29B /* High_scores.cpp */,
				F1C7CF6E2B35A57E00A9F29B /* High_scores.hpp */,
				F1C7CF722B35B49700A9F29B /* best_scores */,
			);
			path = Game;
			sourceTree = "<group>";
		};
		F1F799AA2AE736D80015DA81 /* Frameworks */ = {
			isa = PBXGroup;
			children = (
				F1F799AC2AE736D80015DA81 /* SDL2_image.framework */,
				F1F799AD2AE736D80015DA81 /* SDL2_mixer.framework */,
				F1F799AB2AE736D80015DA81 /* SDL2_ttf.framework */,
				F1F799AE2AE736D80015DA81 /* SDL2.framework */,
			);
			name = Frameworks;
			sourceTree = "<group>";
		};
/* End PBXGroup section */

/* Begin PBXNativeTarget section */
		F1F7999F2AE736BB0015DA81 /* Game */ = {
			isa = PBXNativeTarget;
			buildConfigurationList = F1F799A72AE736BB0015DA81 /* Build configuration list for PBXNativeTarget "Game" */;
			buildPhases = (
				F1F7999C2AE736BB0015DA81 /* Sources */,
				F1F7999D2AE736BB0015DA81 /* Frameworks */,
				F1F7999E2AE736BB0015DA81 /* CopyFiles */,
			);
			buildRules = (
			);
			dependencies = (
			);
			name = Game;
			productName = Game;
			productReference = F1F799A02AE736BB0015DA81 /* Game */;
			productType = "com.apple.product-type.tool";
		};
/* End PBXNativeTarget section */

/* Begin PBXProject section */
		F1F799982AE736BB0015DA81 /* Project object */ = {
			isa = PBXProject;
			attributes = {
				BuildIndependentTargetsInParallel = 1;
				LastUpgradeCheck = 1430;
				TargetAttributes = {
					F1F7999F2AE736BB0015DA81 = {
						CreatedOnToolsVersion = 14.3.1;
					};
				};
			};
			buildConfigurationList = F1F7999B2AE736BB0015DA81 /* Build configuration list for PBXProject "Game" */;
			compatibilityVersion = "Xcode 14.0";
			developmentRegion = en;
			hasScannedForEncodings = 0;
			knownRegions = (
				en,
				Base,
			);
			mainGroup = F1F799972AE736BB0015DA81;
			productRefGroup = F1F799A12AE736BB0015DA81 /* Products */;
			projectDirPath = "";
			projectRoot = "";
			targets = (
				F1F7999F2AE736BB0015DA81 /* Game */,
			);
		};
/* End PBXProject section */

/* Begin PBXSourcesBuildPhase section */
		F1F7999C2AE736BB0015DA81 /* Sources */ = {
			isa = PBXSourcesBuildPhase;
			buildActionMask = 2147483647;
			files = (
				F1C6A2312AEBBC0A006CED3A /* add_sound.cpp in Sources */,
				F1C7CF6C2B359F4E00A9F29B /* Tutorial.cpp in Sources */,
				F1F799BE2AE91AE90015DA81 /* death.cpp in Sources */,
				F1C7CF592B34B4F600A9F29B /* menu.cpp in Sources */,
				F1C7CF662B355C7100A9F29B /* variables.cpp in Sources */,
				F1C7A4002AFDD7AF00B58DFA /* Renderer_Create.cpp in Sources */,
				F1C7CF632B3558DC00A9F29B /* Settings.cpp in Sources */,
				F199B48E2B34A5B00035FDCF /* mouse.cpp in Sources */,
				F1F799A42AE736BB0015DA81 /* main.cpp in Sources */,
				F1C6A2622AFDD3A9006CED3A /* game.cpp in Sources */,
				F1C7A4032AFDD93F00B58DFA /* Play_Music.cpp in Sources */,
				F1C6A2342AEC3AA2006CED3A /* Sound.cpp in Sources */,
				F1C7A4062AFDF46400B58DFA /* Texture_Create.cpp in Sources */,
				F1C7A4092B02623100B58DFA /* FrontPage.cpp in Sources */,
				F1C7CF692B35815200A9F29B /* Credits.cpp in Sources */,
				F1C7CF6F2B35A57E00A9F29B /* High_scores.cpp in Sources */,
				F1C7A3FF2AFDD7AF00B58DFA /* Window_Create.cpp in Sources */,
			);
			runOnlyForDeploymentPostprocessing = 0;
		};
/* End PBXSourcesBuildPhase section */

/* Begin XCBuildConfiguration section */
		F1F799A52AE736BB0015DA81 /* Debug */ = {
			isa = XCBuildConfiguration;
			buildSettings = {
				ALWAYS_SEARCH_USER_PATHS = NO;
				CLANG_ANALYZER_NONNULL = YES;
				CLANG_ANALYZER_NUMBER_OBJECT_CONVERSION = YES_AGGRESSIVE;
				CLANG_CXX_LANGUAGE_STANDARD = "gnu++20";
				CLANG_ENABLE_MODULES = YES;
				CLANG_ENABLE_OBJC_ARC = YES;
				CLANG_ENABLE_OBJC_WEAK = YES;
				CLANG_WARN_BLOCK_CAPTURE_AUTORELEASING = YES;
				CLANG_WARN_BOOL_CONVERSION = YES;
				CLANG_WARN_COMMA = YES;
				CLANG_WARN_CONSTANT_CONVERSION = YES;
				CLANG_WARN_DEPRECATED_OBJC_IMPLEMENTATIONS = YES;
				CLANG_WARN_DIRECT_OBJC_ISA_USAGE = YES_ERROR;
				CLANG_WARN_DOCUMENTATION_COMMENTS = YES;
				CLANG_WARN_EMPTY_BODY = YES;
				CLANG_WARN_ENUM_CONVERSION = YES;
				CLANG_WARN_INFINITE_RECURSION = YES;
				CLANG_WARN_INT_CONVERSION = YES;
				CLANG_WARN_NON_LITERAL_NULL_CONVERSION = YES;
				CLANG_WARN_OBJC_IMPLICIT_RETAIN_SELF = YES;
				CLANG_WARN_OBJC_LITERAL_CONVERSION = YES;
				CLANG_WARN_OBJC_ROOT_CLASS = YES_ERROR;
				CLANG_WARN_QUOTED_INCLUDE_IN_FRAMEWORK_HEADER = YES;
				CLANG_WARN_RANGE_LOOP_ANALYSIS = YES;
				CLANG_WARN_STRICT_PROTOTYPES = YES;
				CLANG_WARN_SUSPICIOUS_MOVE = YES;
				CLANG_WARN_UNGUARDED_AVAILABILITY = YES_AGGRESSIVE;
				CLANG_WARN_UNREACHABLE_CODE = YES;
				CLANG_WARN__DUPLICATE_METHOD_MATCH = YES;
				COPY_PHASE_STRIP = NO;
				DEBUG_INFORMATION_FORMAT = dwarf;
				ENABLE_STRICT_OBJC_MSGSEND = YES;
				ENABLE_TESTABILITY = YES;
				GCC_C_LANGUAGE_STANDARD = gnu11;
				GCC_DYNAMIC_NO_PIC = NO;
				GCC_NO_COMMON_BLOCKS = YES;
				GCC_OPTIMIZATION_LEVEL = 0;
				GCC_PREPROCESSOR_DEFINITIONS = (
					"DEBUG=1",
					"$(inherited)",
				);
				GCC_WARN_64_TO_32_BIT_CONVERSION = YES;
				GCC_WARN_ABOUT_RETURN_TYPE = YES_ERROR;
				GCC_WARN_UNDECLARED_SELECTOR = YES;
				GCC_WARN_UNINITIALIZED_AUTOS = YES_AGGRESSIVE;
				GCC_WARN_UNUSED_FUNCTION = YES;
				GCC_WARN_UNUSED_VARIABLE = YES;
				MACOSX_DEPLOYMENT_TARGET = 13.0;
				MTL_ENABLE_DEBUG_INFO = INCLUDE_SOURCE;
				MTL_FAST_MATH = YES;
				ONLY_ACTIVE_ARCH = YES;
				SDKROOT = macosx;
			};
			name = Debug;
		};
		F1F799A62AE736BB0015DA81 /* Release */ = {
			isa = XCBuildConfiguration;
			buildSettings = {
				ALWAYS_SEARCH_USER_PATHS = NO;
				CLANG_ANALYZER_NONNULL = YES;
				CLANG_ANALYZER_NUMBER_OBJECT_CONVERSION = YES_AGGRESSIVE;
				CLANG_CXX_LANGUAGE_STANDARD = "gnu++20";
				CLANG_ENABLE_MODULES = YES;
				CLANG_ENABLE_OBJC_ARC = YES;
				CLANG_ENABLE_OBJC_WEAK = YES;
				CLANG_WARN_BLOCK_CAPTURE_AUTORELEASING = YES;
				CLANG_WARN_BOOL_CONVERSION = YES;
				CLANG_WARN_COMMA = YES;
				CLANG_WARN_CONSTANT_CONVERSION = YES;
				CLANG_WARN_DEPRECATED_OBJC_IMPLEMENTATIONS = YES;
				CLANG_WARN_DIRECT_OBJC_ISA_USAGE = YES_ERROR;
				CLANG_WARN_DOCUMENTATION_COMMENTS = YES;
				CLANG_WARN_EMPTY_BODY = YES;
				CLANG_WARN_ENUM_CONVERSION = YES;
				CLANG_WARN_INFINITE_RECURSION = YES;
				CLANG_WARN_INT_CONVERSION = YES;
				CLANG_WARN_NON_LITERAL_NULL_CONVERSION = YES;
				CLANG_WARN_OBJC_IMPLICIT_RETAIN_SELF = YES;
				CLANG_WARN_OBJC_LITERAL_CONVERSION = YES;
				CLANG_WARN_OBJC_ROOT_CLASS = YES_ERROR;
				CLANG_WARN_QUOTED_INCLUDE_IN_FRAMEWORK_HEADER = YES;
				CLANG_WARN_RANGE_LOOP_ANALYSIS = YES;
				CLANG_WARN_STRICT_PROTOTYPES = YES;
				CLANG_WARN_SUSPICIOUS_MOVE = YES;
				CLANG_WARN_UNGUARDED_AVAILABILITY = YES_AGGRESSIVE;
				CLANG_WARN_UNREACHABLE_CODE = YES;
				CLANG_WARN__DUPLICATE_METHOD_MATCH = YES;
				COPY_PHASE_STRIP = NO;
				DEBUG_INFORMATION_FORMAT = "dwarf-with-dsym";
				ENABLE_NS_ASSERTIONS = NO;
				ENABLE_STRICT_OBJC_MSGSEND = YES;
				GCC_C_LANGUAGE_STANDARD = gnu11;
				GCC_NO_COMMON_BLOCKS = YES;
				GCC_WARN_64_TO_32_BIT_CONVERSION = YES;
				GCC_WARN_ABOUT_RETURN_TYPE = YES_ERROR;
				GCC_WARN_UNDECLARED_SELECTOR = YES;
				GCC_WARN_UNINITIALIZED_AUTOS = YES_AGGRESSIVE;
				GCC_WARN_UNUSED_FUNCTION = YES;
				GCC_WARN_UNUSED_VARIABLE = YES;
				MACOSX_DEPLOYMENT_TARGET = 13.0;
				MTL_ENABLE_DEBUG_INFO = NO;
				MTL_FAST_MATH = YES;
				SDKROOT = macosx;
			};
			name = Release;
		};
		F1F799A82AE736BB0015DA81 /* Debug */ = {
			isa = XCBuildConfiguration;
			buildSettings = {
				CODE_SIGN_STYLE = Automatic;
				FRAMEWORK_SEARCH_PATHS = (
					"$(inherited)",
					"$(LOCAL_LIBRARY_DIR)/Frameworks",
				);
				PRODUCT_NAME = "$(TARGET_NAME)";
			};
			name = Debug;
		};
		F1F799A92AE736BB0015DA81 /* Release */ = {
			isa = XCBuildConfiguration;
			buildSettings = {
				CODE_SIGN_STYLE = Automatic;
				FRAMEWORK_SEARCH_PATHS = (
					"$(inherited)",
					"$(LOCAL_LIBRARY_DIR)/Frameworks",
				);
				PRODUCT_NAME = "$(TARGET_NAME)";
			};
			name = Release;
		};
/* End XCBuildConfiguration section */

/* Begin XCConfigurationList section */
		F1F7999B2AE736BB0015DA81 /* Build configuration list for PBXProject "Game" */ = {
			isa = XCConfigurationList;
			buildConfigurations = (
				F1F799A52AE736BB0015DA81 /* Debug */,
				F1F799A62AE736BB0015DA81 /* Release */,
			);
			defaultConfigurationIsVisible = 0;
			defaultConfigurationName = Release;
		};
		F1F799A72AE736BB0015DA81 /* Build configuration list for PBXNativeTarget "Game" */ = {
			isa = XCConfigurationList;
			buildConfigurations = (
				F1F799A82AE736BB0015DA81 /* Debug */,
				F1F799A92AE736BB0015DA81 /* Release */,
			);
			defaultConfigurationIsVisible = 0;
			defaultConfigurationName = Release;
		};
/* End XCConfigurationList section */
	};
	rootObject = F1F799982AE736BB0015DA81 /* Project object */;
}
